
Microsoft Visual Studio Solution File, Format Version 12.00
# Visual Studio Version 17
VisualStudioVersion = 17.8.34316.72
MinimumVisualStudioVersion = 10.0.40219.1
Project("{FAE04EC0-301F-11D3-BF4B-00C04F79EFBC}") = "#14 Swap 2 number", "#14 Swap 2 number\#14 Swap 2 number.csproj", "{D204BF64-D887-43F6-A79D-656D03FC733D}"
EndProject
Global
	GlobalSection(SolutionConfigurationPlatforms) = preSolution
		Debug|Any CPU = Debug|Any CPU
		Release|Any CPU = Release|Any CPU
	EndGlobalSection
	GlobalSection(ProjectConfigurationPlatforms) = postSolution
		{D204BF64-D887-43F6-A79D-656D03FC733D}.Debug|Any CPU.ActiveCfg = Debug|Any CPU
		{D204BF64-D887-43F6-A79D-656D03FC733D}.Debug|Any CPU.Build.0 = Debug|Any CPU
		{D204BF64-D887-43F6-A79D-656D03FC733D}.Release|Any CPU.ActiveCfg = Release|Any CPU
		{D204BF64-D887-43F6-A79D-656D03FC733D}.Release|Any CPU.Build.0 = Release|Any CPU
	EndGlobalSection
	GlobalSection(SolutionProperties) = preSolution
		HideSolutionNode = FALSE
	EndGlobalSection
	GlobalSection(ExtensibilityGlobals) = postSolution
		SolutionGuid = {C0E660C6-2030-4D92-8341-18A9DB560DB6}
	EndGlobalSection
EndGlobal
