
Microsoft Visual Studio Solution File, Format Version 12.00
# Visual Studio Version 17
VisualStudioVersion = 17.8.34316.72
MinimumVisualStudioVersion = 10.0.40219.1
Project("{FAE04EC0-301F-11D3-BF4B-00C04F79EFBC}") = "#20 Circle Area Inscribed in a Square", "#20 Circle Area Inscribed in a Square\#20 Circle Area Inscribed in a Square.csproj", "{19F2AF47-7A3A-47D2-BCA9-1286BD6CD539}"
EndProject
Global
	GlobalSection(SolutionConfigurationPlatforms) = preSolution
		Debug|Any CPU = Debug|Any CPU
		Release|Any CPU = Release|Any CPU
	EndGlobalSection
	GlobalSection(ProjectConfigurationPlatforms) = postSolution
		{19F2AF47-7A3A-47D2-BCA9-1286BD6CD539}.Debug|Any CPU.ActiveCfg = Debug|Any CPU
		{19F2AF47-7A3A-47D2-BCA9-1286BD6CD539}.Debug|Any CPU.Build.0 = Debug|Any CPU
		{19F2AF47-7A3A-47D2-BCA9-1286BD6CD539}.Release|Any CPU.ActiveCfg = Release|Any CPU
		{19F2AF47-7A3A-47D2-BCA9-1286BD6CD539}.Release|Any CPU.Build.0 = Release|Any CPU
	EndGlobalSection
	GlobalSection(SolutionProperties) = preSolution
		HideSolutionNode = FALSE
	EndGlobalSection
	GlobalSection(ExtensibilityGlobals) = postSolution
		SolutionGuid = {74D77DCE-7BD9-4127-A2AE-C03DA76FF31D}
	EndGlobalSection
EndGlobal
