
Microsoft Visual Studio Solution File, Format Version 12.00
# Visual Studio Version 17
VisualStudioVersion = 17.8.34316.72
MinimumVisualStudioVersion = 10.0.40219.1
Project("{FAE04EC0-301F-11D3-BF4B-00C04F79EFBC}") = "#25 Read Until Age Between 18 and 45", "#25 Read Until Age Between 18 and 45\#25 Read Until Age Between 18 and 45.csproj", "{23B0736D-8BCB-4933-BDDC-600421E2D1EC}"
EndProject
Global
	GlobalSection(SolutionConfigurationPlatforms) = preSolution
		Debug|Any CPU = Debug|Any CPU
		Release|Any CPU = Release|Any CPU
	EndGlobalSection
	GlobalSection(ProjectConfigurationPlatforms) = postSolution
		{23B0736D-8BCB-4933-BDDC-600421E2D1EC}.Debug|Any CPU.ActiveCfg = Debug|Any CPU
		{23B0736D-8BCB-4933-BDDC-600421E2D1EC}.Debug|Any CPU.Build.0 = Debug|Any CPU
		{23B0736D-8BCB-4933-BDDC-600421E2D1EC}.Release|Any CPU.ActiveCfg = Release|Any CPU
		{23B0736D-8BCB-4933-BDDC-600421E2D1EC}.Release|Any CPU.Build.0 = Release|Any CPU
	EndGlobalSection
	GlobalSection(SolutionProperties) = preSolution
		HideSolutionNode = FALSE
	EndGlobalSection
	GlobalSection(ExtensibilityGlobals) = postSolution
		SolutionGuid = {697A4530-1689-47A7-BF13-1C9DF2566799}
	EndGlobalSection
EndGlobal
