
Microsoft Visual Studio Solution File, Format Version 12.00
# Visual Studio Version 17
VisualStudioVersion = 17.8.34316.72
MinimumVisualStudioVersion = 10.0.40219.1
Project("{FAE04EC0-301F-11D3-BF4B-00C04F79EFBC}") = "#21 - Circle Area Along the Circumference", "#21 - Circle Area Along the Circumference\#21 - Circle Area Along the Circumference.csproj", "{3B8CF5B6-8BA0-43E1-980B-9A1EBEBB1807}"
EndProject
Global
	GlobalSection(SolutionConfigurationPlatforms) = preSolution
		Debug|Any CPU = Debug|Any CPU
		Release|Any CPU = Release|Any CPU
	EndGlobalSection
	GlobalSection(ProjectConfigurationPlatforms) = postSolution
		{3B8CF5B6-8BA0-43E1-980B-9A1EBEBB1807}.Debug|Any CPU.ActiveCfg = Debug|Any CPU
		{3B8CF5B6-8BA0-43E1-980B-9A1EBEBB1807}.Debug|Any CPU.Build.0 = Debug|Any CPU
		{3B8CF5B6-8BA0-43E1-980B-9A1EBEBB1807}.Release|Any CPU.ActiveCfg = Release|Any CPU
		{3B8CF5B6-8BA0-43E1-980B-9A1EBEBB1807}.Release|Any CPU.Build.0 = Release|Any CPU
	EndGlobalSection
	GlobalSection(SolutionProperties) = preSolution
		HideSolutionNode = FALSE
	EndGlobalSection
	GlobalSection(ExtensibilityGlobals) = postSolution
		SolutionGuid = {EB9E8490-2C7F-4702-BDA0-E43F208B70CD}
	EndGlobalSection
EndGlobal
