
Microsoft Visual Studio Solution File, Format Version 12.00
# Visual Studio Version 17
VisualStudioVersion = 17.8.34316.72
MinimumVisualStudioVersion = 10.0.40219.1
Project("{FAE04EC0-301F-11D3-BF4B-00C04F79EFBC}") = "#49 - ATM PIN", "#49 - ATM PIN\#49 - ATM PIN.csproj", "{107E8271-3CFF-4D5C-A9A2-019F4F5039B2}"
EndProject
Global
	GlobalSection(SolutionConfigurationPlatforms) = preSolution
		Debug|Any CPU = Debug|Any CPU
		Release|Any CPU = Release|Any CPU
	EndGlobalSection
	GlobalSection(ProjectConfigurationPlatforms) = postSolution
		{107E8271-3CFF-4D5C-A9A2-019F4F5039B2}.Debug|Any CPU.ActiveCfg = Debug|Any CPU
		{107E8271-3CFF-4D5C-A9A2-019F4F5039B2}.Debug|Any CPU.Build.0 = Debug|Any CPU
		{107E8271-3CFF-4D5C-A9A2-019F4F5039B2}.Release|Any CPU.ActiveCfg = Release|Any CPU
		{107E8271-3CFF-4D5C-A9A2-019F4F5039B2}.Release|Any CPU.Build.0 = Release|Any CPU
	EndGlobalSection
	GlobalSection(SolutionProperties) = preSolution
		HideSolutionNode = FALSE
	EndGlobalSection
	GlobalSection(ExtensibilityGlobals) = postSolution
		SolutionGuid = {0E3AD730-9D25-4843-9EE7-FC75AEDB38B8}
	EndGlobalSection
EndGlobal
