
Microsoft Visual Studio Solution File, Format Version 12.00
# Visual Studio Version 17
VisualStudioVersion = 17.8.34316.72
MinimumVisualStudioVersion = 10.0.40219.1
Project("{FAE04EC0-301F-11D3-BF4B-00C04F79EFBC}") = "#40 - Service Fee and Sales Tax", "#40 - Service Fee and Sales Tax\#40 - Service Fee and Sales Tax.csproj", "{ECA4211F-50AF-405E-A8FB-AA3160880F19}"
EndProject
Global
	GlobalSection(SolutionConfigurationPlatforms) = preSolution
		Debug|Any CPU = Debug|Any CPU
		Release|Any CPU = Release|Any CPU
	EndGlobalSection
	GlobalSection(ProjectConfigurationPlatforms) = postSolution
		{ECA4211F-50AF-405E-A8FB-AA3160880F19}.Debug|Any CPU.ActiveCfg = Debug|Any CPU
		{ECA4211F-50AF-405E-A8FB-AA3160880F19}.Debug|Any CPU.Build.0 = Debug|Any CPU
		{ECA4211F-50AF-405E-A8FB-AA3160880F19}.Release|Any CPU.ActiveCfg = Release|Any CPU
		{ECA4211F-50AF-405E-A8FB-AA3160880F19}.Release|Any CPU.Build.0 = Release|Any CPU
	EndGlobalSection
	GlobalSection(SolutionProperties) = preSolution
		HideSolutionNode = FALSE
	EndGlobalSection
	GlobalSection(ExtensibilityGlobals) = postSolution
		SolutionGuid = {C0320F8C-3403-4171-BB6E-B6B02029C5CE}
	EndGlobalSection
EndGlobal
