
Microsoft Visual Studio Solution File, Format Version 12.00
# Visual Studio Version 17
VisualStudioVersion = 17.8.34316.72
MinimumVisualStudioVersion = 10.0.40219.1
Project("{FAE04EC0-301F-11D3-BF4B-00C04F79EFBC}") = "#30 - Factorial of N!", "#30 - Factorial of N!\#30 - Factorial of N!.csproj", "{BBF1660B-13EE-45E1-B471-69AA972AF76D}"
EndProject
Global
	GlobalSection(SolutionConfigurationPlatforms) = preSolution
		Debug|Any CPU = Debug|Any CPU
		Release|Any CPU = Release|Any CPU
	EndGlobalSection
	GlobalSection(ProjectConfigurationPlatforms) = postSolution
		{BBF1660B-13EE-45E1-B471-69AA972AF76D}.Debug|Any CPU.ActiveCfg = Debug|Any CPU
		{BBF1660B-13EE-45E1-B471-69AA972AF76D}.Debug|Any CPU.Build.0 = Debug|Any CPU
		{BBF1660B-13EE-45E1-B471-69AA972AF76D}.Release|Any CPU.ActiveCfg = Release|Any CPU
		{BBF1660B-13EE-45E1-B471-69AA972AF76D}.Release|Any CPU.Build.0 = Release|Any CPU
	EndGlobalSection
	GlobalSection(SolutionProperties) = preSolution
		HideSolutionNode = FALSE
	EndGlobalSection
	GlobalSection(ExtensibilityGlobals) = postSolution
		SolutionGuid = {1D86AD96-E884-4692-9A69-6035FF6EFE28}
	EndGlobalSection
EndGlobal
