
Microsoft Visual Studio Solution File, Format Version 12.00
# Visual Studio Version 17
VisualStudioVersion = 17.12.35707.178 d17.12
MinimumVisualStudioVersion = 10.0.40219.1
Project("{8BC9CEB8-8B4A-11D0-8D11-00A0C91BC942}") = "#17 - Up Casting vs Down Casting", "#17 - Up Casting vs Down Casting\#17 - Up Casting vs Down Casting.vcxproj", "{C5868B52-8009-4D79-91A4-21640A584933}"
EndProject
Global
	GlobalSection(SolutionConfigurationPlatforms) = preSolution
		Debug|x64 = Debug|x64
		Debug|x86 = Debug|x86
		Release|x64 = Release|x64
		Release|x86 = Release|x86
	EndGlobalSection
	GlobalSection(ProjectConfigurationPlatforms) = postSolution
		{C5868B52-8009-4D79-91A4-21640A584933}.Debug|x64.ActiveCfg = Debug|x64
		{C5868B52-8009-4D79-91A4-21640A584933}.Debug|x64.Build.0 = Debug|x64
		{C5868B52-8009-4D79-91A4-21640A584933}.Debug|x86.ActiveCfg = Debug|Win32
		{C5868B52-8009-4D79-91A4-21640A584933}.Debug|x86.Build.0 = Debug|Win32
		{C5868B52-8009-4D79-91A4-21640A584933}.Release|x64.ActiveCfg = Release|x64
		{C5868B52-8009-4D79-91A4-21640A584933}.Release|x64.Build.0 = Release|x64
		{C5868B52-8009-4D79-91A4-21640A584933}.Release|x86.ActiveCfg = Release|Win32
		{C5868B52-8009-4D79-91A4-21640A584933}.Release|x86.Build.0 = Release|Win32
	EndGlobalSection
	GlobalSection(SolutionProperties) = preSolution
		HideSolutionNode = FALSE
	EndGlobalSection
EndGlobal
