
Microsoft Visual Studio Solution File, Format Version 12.00
# Visual Studio Version 17
VisualStudioVersion = 17.8.34316.72
MinimumVisualStudioVersion = 10.0.40219.1
Project("{FAE04EC0-301F-11D3-BF4B-00C04F79EFBC}") = "#15 rectangel angel", "#15 rectangel angel\#15 rectangel angel.csproj", "{071B75D9-1F31-4963-8AB0-1AE5D595558E}"
EndProject
Global
	GlobalSection(SolutionConfigurationPlatforms) = preSolution
		Debug|Any CPU = Debug|Any CPU
		Release|Any CPU = Release|Any CPU
	EndGlobalSection
	GlobalSection(ProjectConfigurationPlatforms) = postSolution
		{071B75D9-1F31-4963-8AB0-1AE5D595558E}.Debug|Any CPU.ActiveCfg = Debug|Any CPU
		{071B75D9-1F31-4963-8AB0-1AE5D595558E}.Debug|Any CPU.Build.0 = Debug|Any CPU
		{071B75D9-1F31-4963-8AB0-1AE5D595558E}.Release|Any CPU.ActiveCfg = Release|Any CPU
		{071B75D9-1F31-4963-8AB0-1AE5D595558E}.Release|Any CPU.Build.0 = Release|Any CPU
	EndGlobalSection
	GlobalSection(SolutionProperties) = preSolution
		HideSolutionNode = FALSE
	EndGlobalSection
	GlobalSection(ExtensibilityGlobals) = postSolution
		SolutionGuid = {FFD30063-ACC8-47A8-A78B-5E1324C20E47}
	EndGlobalSection
EndGlobal
