
Microsoft Visual Studio Solution File, Format Version 12.00
# Visual Studio Version 17
VisualStudioVersion = 17.8.34316.72
MinimumVisualStudioVersion = 10.0.40219.1
Project("{FAE04EC0-301F-11D3-BF4B-00C04F79EFBC}") = "#36 - Simple Calculator", "#36 - Simple Calculator\#36 - Simple Calculator.csproj", "{4A60CAE4-F2AB-47AD-9E59-51A15B2BC1C9}"
EndProject
Global
	GlobalSection(SolutionConfigurationPlatforms) = preSolution
		Debug|Any CPU = Debug|Any CPU
		Release|Any CPU = Release|Any CPU
	EndGlobalSection
	GlobalSection(ProjectConfigurationPlatforms) = postSolution
		{4A60CAE4-F2AB-47AD-9E59-51A15B2BC1C9}.Debug|Any CPU.ActiveCfg = Debug|Any CPU
		{4A60CAE4-F2AB-47AD-9E59-51A15B2BC1C9}.Debug|Any CPU.Build.0 = Debug|Any CPU
		{4A60CAE4-F2AB-47AD-9E59-51A15B2BC1C9}.Release|Any CPU.ActiveCfg = Release|Any CPU
		{4A60CAE4-F2AB-47AD-9E59-51A15B2BC1C9}.Release|Any CPU.Build.0 = Release|Any CPU
	EndGlobalSection
	GlobalSection(SolutionProperties) = preSolution
		HideSolutionNode = FALSE
	EndGlobalSection
	GlobalSection(ExtensibilityGlobals) = postSolution
		SolutionGuid = {EFA16970-5C5B-4DCB-9FB7-05DBCADB0748}
	EndGlobalSection
EndGlobal
