
Microsoft Visual Studio Solution File, Format Version 12.00
# Visual Studio Version 17
VisualStudioVersion = 17.8.34316.72
MinimumVisualStudioVersion = 10.0.40219.1
Project("{FAE04EC0-301F-11D3-BF4B-00C04F79EFBC}") = "algorthem 1", "algorthem 1\algorthem 1.csproj", "{F47C13B9-4377-48F8-981D-28C957E86525}"
EndProject
Global
	GlobalSection(SolutionConfigurationPlatforms) = preSolution
		Debug|Any CPU = Debug|Any CPU
		Release|Any CPU = Release|Any CPU
	EndGlobalSection
	GlobalSection(ProjectConfigurationPlatforms) = postSolution
		{F47C13B9-4377-48F8-981D-28C957E86525}.Debug|Any CPU.ActiveCfg = Debug|Any CPU
		{F47C13B9-4377-48F8-981D-28C957E86525}.Debug|Any CPU.Build.0 = Debug|Any CPU
		{F47C13B9-4377-48F8-981D-28C957E86525}.Release|Any CPU.ActiveCfg = Release|Any CPU
		{F47C13B9-4377-48F8-981D-28C957E86525}.Release|Any CPU.Build.0 = Release|Any CPU
	EndGlobalSection
	GlobalSection(SolutionProperties) = preSolution
		HideSolutionNode = FALSE
	EndGlobalSection
	GlobalSection(ExtensibilityGlobals) = postSolution
		SolutionGuid = {1412B10C-DA83-4748-8D06-A9D4B5E8464F}
	EndGlobalSection
EndGlobal
